
Microsoft Visual Studio Solution File, Format Version 12.00
# Visual Studio 15
VisualStudioVersion = 15.0.28307.168
MinimumVisualStudioVersion = 10.0.40219.1
Project("{FAE04EC0-301F-11D3-BF4B-00C04F79EFBC}") = "WarrenWarriorsGame", "WarrenWarriorsGame\WarrenWarriorsGame.csproj", "{D91FC48F-5809-4680-A805-A94478603559}"
EndProject
Global
	GlobalSection(SolutionConfigurationPlatforms) = preSolution
		Debug|x86 = Debug|x86
		Release|x86 = Release|x86
	EndGlobalSection
	GlobalSection(ProjectConfigurationPlatforms) = postSolution
		{D91FC48F-5809-4680-A805-A94478603559}.Debug|x86.ActiveCfg = Debug|x86
		{D91FC48F-5809-4680-A805-A94478603559}.Debug|x86.Build.0 = Debug|x86
		{D91FC48F-5809-4680-A805-A94478603559}.Release|x86.ActiveCfg = Release|x86
		{D91FC48F-5809-4680-A805-A94478603559}.Release|x86.Build.0 = Release|x86
	EndGlobalSection
	GlobalSection(SolutionProperties) = preSolution
		HideSolutionNode = FALSE
	EndGlobalSection
	GlobalSection(ExtensibilityGlobals) = postSolution
		SolutionGuid = {0403CF76-A2ED-491A-9DA1-653814E8D7D0}
	EndGlobalSection
EndGlobal
